
Microsoft Visual Studio Solution File, Format Version 11.00
# Visual Studio 2010
Project("{FAE04EC0-301F-11D3-BF4B-00C04F79EFBC}") = "Dojo", "Dojo\Dojo.csproj", "{78A60780-880F-421E-B910-468884A59AB1}"
EndProject
Project("{2150E333-8FDC-42A3-9474-1A3956D46DE8}") = "Solution Items", "Solution Items", "{7DEA94D5-FAE8-474E-AF11-050E9F68C877}"
	ProjectSection(SolutionItems) = preProject
		DojoRio_12-01-2011.vsmdi = DojoRio_12-01-2011.vsmdi
		Local.testsettings = Local.testsettings
		TraceAndTestImpact.testsettings = TraceAndTestImpact.testsettings
	EndProjectSection
EndProject
Global
	GlobalSection(TestCaseManagementSettings) = postSolution
		CategoryFile = DojoRio_12-01-2011.vsmdi
	EndGlobalSection
	GlobalSection(SolutionConfigurationPlatforms) = preSolution
		Debug|Any CPU = Debug|Any CPU
		Release|Any CPU = Release|Any CPU
	EndGlobalSection
	GlobalSection(ProjectConfigurationPlatforms) = postSolution
		{78A60780-880F-421E-B910-468884A59AB1}.Debug|Any CPU.ActiveCfg = Debug|Any CPU
		{78A60780-880F-421E-B910-468884A59AB1}.Debug|Any CPU.Build.0 = Debug|Any CPU
		{78A60780-880F-421E-B910-468884A59AB1}.Release|Any CPU.ActiveCfg = Release|Any CPU
		{78A60780-880F-421E-B910-468884A59AB1}.Release|Any CPU.Build.0 = Release|Any CPU
	EndGlobalSection
	GlobalSection(SolutionProperties) = preSolution
		HideSolutionNode = FALSE
	EndGlobalSection
EndGlobal
